{
  "name": "nelmo-lang",
  "version": "0.0.1",
  "lockfileVersion": 1,
  "requires": true,
  "dependencies": {
    "colors": {
      "version": "0.6.2",
      "resolved": "https://registry.npmjs.org/colors/-/colors-0.6.2.tgz",
      "integrity": "sha1-JCP+ZnisDF2uiFLl0OW+CMmXq8w=",
      "dev": true
    },
    "nelmo": {
      "version": "0.0.1",
      "resolved": "https://registry.npmjs.org/nelmo/-/nelmo-0.0.1.tgz",
      "integrity": "sha512-kzJAO9jUQJcHU390Nyaf6ryndtNpNEO7KlbYDPzzux6BrI1YMQgsHG6ZGjutDvl5mD0ZbWOl34hA2eq01VVk4g==",
      "requires": {
        "nelmo-lang": "0.0.1"
      }
    },
    "nelmo-lang": {
      "version": "0.0.1",
      "resolved": "https://registry.npmjs.org/nelmo-lang/-/nelmo-lang-0.0.1.tgz",
      "integrity": "sha512-Zh7bxPVF8gkT8eoz4/+mxchom42ON7aHjJtQvqCfmFutGSPUWKxjM2UW6uEzYxWHqJieMfXE+Is00+RORM9d5Q==",
      "requires": {
        "nelmo": "0.0.1"
      }
    },
    "simpleunit": {
      "version": "0.0.7",
      "resolved": "https://registry.npmjs.org/simpleunit/-/simpleunit-0.0.7.tgz",
      "integrity": "sha1-vM76YweKvDZDtbwPOnYYFjgH0rw=",
      "dev": true,
      "requires": {
        "colors": "0.6.x"
      }
    }
  }
}
